// !$*UTF8*$!
{
	archiveVersion = 1;
	classes = {
	};
	objectVersion = 50;
	objects = {

/* Begin PBXBuildFile section */
		07F7EEE2EEF9115B5B4A124A /* Pods_ABBYY_Test.framework in Frameworks */ = {isa = PBXBuildFile; fileRef = 8B91F1692D81C1666404F787 /* Pods_ABBYY_Test.framework */; };
		70FAAC7E22747EC800A3C6E0 /* AppDelegate.swift in Sources */ = {isa = PBXBuildFile; fileRef = 70FAAC7D22747EC800A3C6E0 /* AppDelegate.swift */; };
		70FAAC8322747EC800A3C6E0 /* Main.storyboard in Resources */ = {isa = PBXBuildFile; fileRef = 70FAAC8122747EC800A3C6E0 /* Main.storyboard */; };
		70FAAC8622747EC800A3C6E0 /* ABBYY_Test.xcdatamodeld in Sources */ = {isa = PBXBuildFile; fileRef = 70FAAC8422747EC800A3C6E0 /* ABBYY_Test.xcdatamodeld */; };
		70FAAC8822747EC900A3C6E0 /* Assets.xcassets in Resources */ = {isa = PBXBuildFile; fileRef = 70FAAC8722747EC900A3C6E0 /* Assets.xcassets */; };
		70FAAC8B22747EC900A3C6E0 /* LaunchScreen.storyboard in Resources */ = {isa = PBXBuildFile; fileRef = 70FAAC8922747EC900A3C6E0 /* LaunchScreen.storyboard */; };
		70FAAC932274831E00A3C6E0 /* MainTableViewController.swift in Sources */ = {isa = PBXBuildFile; fileRef = 70FAAC922274831E00A3C6E0 /* MainTableViewController.swift */; };
		70FAAC95227485CE00A3C6E0 /* AddNewTaskViewController.swift in Sources */ = {isa = PBXBuildFile; fileRef = 70FAAC94227485CE00A3C6E0 /* AddNewTaskViewController.swift */; };
		70FAAC972274887200A3C6E0 /* MainTaskTableViewCell.swift in Sources */ = {isa = PBXBuildFile; fileRef = 70FAAC962274887200A3C6E0 /* MainTaskTableViewCell.swift */; };
/* End PBXBuildFile section */

/* Begin PBXFileReference section */
		70FAAC7A22747EC800A3C6E0 /* ABBYY Test.app */ = {isa = PBXFileReference; explicitFileType = wrapper.application; includeInIndex = 0; path = "ABBYY Test.app"; sourceTree = BUILT_PRODUCTS_DIR; };
		70FAAC7D22747EC800A3C6E0 /* AppDelegate.swift */ = {isa = PBXFileReference; lastKnownFileType = sourcecode.swift; path = AppDelegate.swift; sourceTree = "<group>"; };
		70FAAC8222747EC800A3C6E0 /* Base */ = {isa = PBXFileReference; lastKnownFileType = file.storyboard; name = Base; path = Base.lproj/Main.storyboard; sourceTree = "<group>"; };
		70FAAC8522747EC800A3C6E0 /* ABBYY_Test.xcdatamodel */ = {isa = PBXFileReference; lastKnownFileType = wrapper.xcdatamodel; path = ABBYY_Test.xcdatamodel; sourceTree = "<group>"; };
		70FAAC8722747EC900A3C6E0 /* Assets.xcassets */ = {isa = PBXFileReference; lastKnownFileType = folder.assetcatalog; path = Assets.xcassets; sourceTree = "<group>"; };
		70FAAC8A22747EC900A3C6E0 /* Base */ = {isa = PBXFileReference; lastKnownFileType = file.storyboard; name = Base; path = Base.lproj/LaunchScreen.storyboard; sourceTree = "<group>"; };
		70FAAC8C22747EC900A3C6E0 /* Info.plist */ = {isa = PBXFileReference; lastKnownFileType = text.plist.xml; path = Info.plist; sourceTree = "<group>"; };
		70FAAC922274831E00A3C6E0 /* MainTableViewController.swift */ = {isa = PBXFileReference; lastKnownFileType = sourcecode.swift; path = MainTableViewController.swift; sourceTree = "<group>"; };
		70FAAC94227485CE00A3C6E0 /* AddNewTaskViewController.swift */ = {isa = PBXFileReference; lastKnownFileType = sourcecode.swift; path = AddNewTaskViewController.swift; sourceTree = "<group>"; };
		70FAAC962274887200A3C6E0 /* MainTaskTableViewCell.swift */ = {isa = PBXFileReference; lastKnownFileType = sourcecode.swift; path = MainTaskTableViewCell.swift; sourceTree = "<group>"; };
		8B91F1692D81C1666404F787 /* Pods_ABBYY_Test.framework */ = {isa = PBXFileReference; explicitFileType = wrapper.framework; includeInIndex = 0; path = Pods_ABBYY_Test.framework; sourceTree = BUILT_PRODUCTS_DIR; };
		AE2F7ECC72BC08E3AC162D3A /* Pods-ABBYY Test.release.xcconfig */ = {isa = PBXFileReference; includeInIndex = 1; lastKnownFileType = text.xcconfig; name = "Pods-ABBYY Test.release.xcconfig"; path = "Target Support Files/Pods-ABBYY Test/Pods-ABBYY Test.release.xcconfig"; sourceTree = "<group>"; };
		DE93F6262E5B0ACF7060A1A8 /* Pods-ABBYY Test.debug.xcconfig */ = {isa = PBXFileReference; includeInIndex = 1; lastKnownFileType = text.xcconfig; name = "Pods-ABBYY Test.debug.xcconfig"; path = "Target Support Files/Pods-ABBYY Test/Pods-ABBYY Test.debug.xcconfig"; sourceTree = "<group>"; };
/* End PBXFileReference section */

/* Begin PBXFrameworksBuildPhase section */
		70FAAC7722747EC800A3C6E0 /* Frameworks */ = {
			isa = PBXFrameworksBuildPhase;
			buildActionMask = 2147483647;
			files = (
				07F7EEE2EEF9115B5B4A124A /* Pods_ABBYY_Test.framework in Frameworks */,
			);
			runOnlyForDeploymentPostprocessing = 0;
		};
/* End PBXFrameworksBuildPhase section */

/* Begin PBXGroup section */
		70FAAC7122747EC700A3C6E0 = {
			isa = PBXGroup;
			children = (
				70FAAC7C22747EC800A3C6E0 /* ABBYY Test */,
				70FAAC7B22747EC800A3C6E0 /* Products */,
				CEB7EEB18E2C6B868D173342 /* Pods */,
				DF19DA36CAFB08B89D36FC4F /* Frameworks */,
			);
			sourceTree = "<group>";
		};
		70FAAC7B22747EC800A3C6E0 /* Products */ = {
			isa = PBXGroup;
			children = (
				70FAAC7A22747EC800A3C6E0 /* ABBYY Test.app */,
			);
			name = Products;
			sourceTree = "<group>";
		};
		70FAAC7C22747EC800A3C6E0 /* ABBYY Test */ = {
			isa = PBXGroup;
			children = (
				70FAAC7D22747EC800A3C6E0 /* AppDelegate.swift */,
				70FAAC8122747EC800A3C6E0 /* Main.storyboard */,
				70FAAC8722747EC900A3C6E0 /* Assets.xcassets */,
				70FAAC8922747EC900A3C6E0 /* LaunchScreen.storyboard */,
				70FAAC8C22747EC900A3C6E0 /* Info.plist */,
				70FAAC8422747EC800A3C6E0 /* ABBYY_Test.xcdatamodeld */,
				70FAAC922274831E00A3C6E0 /* MainTableViewController.swift */,
				70FAAC94227485CE00A3C6E0 /* AddNewTaskViewController.swift */,
				70FAAC962274887200A3C6E0 /* MainTaskTableViewCell.swift */,
			);
			path = "ABBYY Test";
			sourceTree = "<group>";
		};
		CEB7EEB18E2C6B868D173342 /* Pods */ = {
			isa = PBXGroup;
			children = (
				DE93F6262E5B0ACF7060A1A8 /* Pods-ABBYY Test.debug.xcconfig */,
				AE2F7ECC72BC08E3AC162D3A /* Pods-ABBYY Test.release.xcconfig */,
			);
			name = Pods;
			path = Pods;
			sourceTree = "<group>";
		};
		DF19DA36CAFB08B89D36FC4F /* Frameworks */ = {
			isa = PBXGroup;
			children = (
				8B91F1692D81C1666404F787 /* Pods_ABBYY_Test.framework */,
			);
			name = Frameworks;
			sourceTree = "<group>";
		};
/* End PBXGroup section */

/* Begin PBXNativeTarget section */
		70FAAC7922747EC800A3C6E0 /* ABBYY Test */ = {
			isa = PBXNativeTarget;
			buildConfigurationList = 70FAAC8F22747EC900A3C6E0 /* Build configuration list for PBXNativeTarget "ABBYY Test" */;
			buildPhases = (
				D06AF8465294E329807387F6 /* [CP] Check Pods Manifest.lock */,
				70FAAC7622747EC800A3C6E0 /* Sources */,
				70FAAC7722747EC800A3C6E0 /* Frameworks */,
				70FAAC7822747EC800A3C6E0 /* Resources */,
				7B8BC14D2E47F821D37995E3 /* [CP] Embed Pods Frameworks */,
			);
			buildRules = (
			);
			dependencies = (
			);
			name = "ABBYY Test";
			productName = "ABBYY Test";
			productReference = 70FAAC7A22747EC800A3C6E0 /* ABBYY Test.app */;
			productType = "com.apple.product-type.application";
		};
/* End PBXNativeTarget section */

/* Begin PBXProject section */
		70FAAC7222747EC700A3C6E0 /* Project object */ = {
			isa = PBXProject;
			attributes = {
				LastSwiftUpdateCheck = 1010;
				LastUpgradeCheck = 1010;
				ORGANIZATIONNAME = com.example.LoD;
				TargetAttributes = {
					70FAAC7922747EC800A3C6E0 = {
						CreatedOnToolsVersion = 10.1;
					};
				};
			};
			buildConfigurationList = 70FAAC7522747EC700A3C6E0 /* Build configuration list for PBXProject "ABBYY Test" */;
			compatibilityVersion = "Xcode 9.3";
			developmentRegion = en;
			hasScannedForEncodings = 0;
			knownRegions = (
				en,
				Base,
			);
			mainGroup = 70FAAC7122747EC700A3C6E0;
			productRefGroup = 70FAAC7B22747EC800A3C6E0 /* Products */;
			projectDirPath = "";
			projectRoot = "";
			targets = (
				70FAAC7922747EC800A3C6E0 /* ABBYY Test */,
			);
		};
/* End PBXProject section */

/* Begin PBXResourcesBuildPhase section */
		70FAAC7822747EC800A3C6E0 /* Resources */ = {
			isa = PBXResourcesBuildPhase;
			buildActionMask = 2147483647;
			files = (
				70FAAC8B22747EC900A3C6E0 /* LaunchScreen.storyboard in Resources */,
				70FAAC8822747EC900A3C6E0 /* Assets.xcassets in Resources */,
				70FAAC8322747EC800A3C6E0 /* Main.storyboard in Resources */,
			);
			runOnlyForDeploymentPostprocessing = 0;
		};
/* End PBXResourcesBuildPhase section */

/* Begin PBXShellScriptBuildPhase section */
		7B8BC14D2E47F821D37995E3 /* [CP] Embed Pods Frameworks */ = {
			isa = PBXShellScriptBuildPhase;
			buildActionMask = 2147483647;
			files = (
			);
			inputFileListPaths = (
			);
			inputPaths = (
				"${PODS_ROOT}/Target Support Files/Pods-ABBYY Test/Pods-ABBYY Test-frameworks.sh",
				"${BUILT_PRODUCTS_DIR}/IQKeyboardManagerSwift/IQKeyboardManagerSwift.framework",
			);
			name = "[CP] Embed Pods Frameworks";
			outputFileListPaths = (
			);
			outputPaths = (
				"${TARGET_BUILD_DIR}/${FRAMEWORKS_FOLDER_PATH}/IQKeyboardManagerSwift.framework",
			);
			runOnlyForDeploymentPostprocessing = 0;
			shellPath = /bin/sh;
			shellScript = "\"${PODS_ROOT}/Target Support Files/Pods-ABBYY Test/Pods-ABBYY Test-frameworks.sh\"\n";
			showEnvVarsInLog = 0;
		};
		D06AF8465294E329807387F6 /* [CP] Check Pods Manifest.lock */ = {
			isa = PBXShellScriptBuildPhase;
			buildActionMask = 2147483647;
			files = (
			);
			inputFileListPaths = (
			);
			inputPaths = (
				"${PODS_PODFILE_DIR_PATH}/Podfile.lock",
				"${PODS_ROOT}/Manifest.lock",
			);
			name = "[CP] Check Pods Manifest.lock";
			outputFileListPaths = (
			);
			outputPaths = (
				"$(DERIVED_FILE_DIR)/Pods-ABBYY Test-checkManifestLockResult.txt",
			);
			runOnlyForDeploymentPostprocessing = 0;
			shellPath = /bin/sh;
			shellScript = "diff \"${PODS_PODFILE_DIR_PATH}/Podfile.lock\" \"${PODS_ROOT}/Manifest.lock\" > /dev/null\nif [ $? != 0 ] ; then\n    # print error to STDERR\n    echo \"error: The sandbox is not in sync with the Podfile.lock. Run 'pod install' or update your CocoaPods installation.\" >&2\n    exit 1\nfi\n# This output is used by Xcode 'outputs' to avoid re-running this script phase.\necho \"SUCCESS\" > \"${SCRIPT_OUTPUT_FILE_0}\"\n";
			showEnvVarsInLog = 0;
		};
/* End PBXShellScriptBuildPhase section */

/* Begin PBXSourcesBuildPhase section */
		70FAAC7622747EC800A3C6E0 /* Sources */ = {
			isa = PBXSourcesBuildPhase;
			buildActionMask = 2147483647;
			files = (
				70FAAC8622747EC800A3C6E0 /* ABBYY_Test.xcdatamodeld in Sources */,
				70FAAC932274831E00A3C6E0 /* MainTableViewController.swift in Sources */,
				70FAAC972274887200A3C6E0 /* MainTaskTableViewCell.swift in Sources */,
				70FAAC95227485CE00A3C6E0 /* AddNewTaskViewController.swift in Sources */,
				70FAAC7E22747EC800A3C6E0 /* AppDelegate.swift in Sources */,
			);
			runOnlyForDeploymentPostprocessing = 0;
		};
/* End PBXSourcesBuildPhase section */

/* Begin PBXVariantGroup section */
		70FAAC8122747EC800A3C6E0 /* Main.storyboard */ = {
			isa = PBXVariantGroup;
			children = (
				70FAAC8222747EC800A3C6E0 /* Base */,
			);
			name = Main.storyboard;
			sourceTree = "<group>";
		};
		70FAAC8922747EC900A3C6E0 /* LaunchScreen.storyboard */ = {
			isa = PBXVariantGroup;
			children = (
				70FAAC8A22747EC900A3C6E0 /* Base */,
			);
			name = LaunchScreen.storyboard;
			sourceTree = "<group>";
		};
/* End PBXVariantGroup section */

/* Begin XCBuildConfiguration section */
		70FAAC8D22747EC900A3C6E0 /* Debug */ = {
			isa = XCBuildConfiguration;
			buildSettings = {
				ALWAYS_SEARCH_USER_PATHS = NO;
				CLANG_ANALYZER_NONNULL = YES;
				CLANG_ANALYZER_NUMBER_OBJECT_CONVERSION = YES_AGGRESSIVE;
				CLANG_CXX_LANGUAGE_STANDARD = "gnu++14";
				CLANG_CXX_LIBRARY = "libc++";
				CLANG_ENABLE_MODULES = YES;
				CLANG_ENABLE_OBJC_ARC = YES;
				CLANG_ENABLE_OBJC_WEAK = YES;
				CLANG_WARN_BLOCK_CAPTURE_AUTORELEASING = YES;
				CLANG_WARN_BOOL_CONVERSION = YES;
				CLANG_WARN_COMMA = YES;
				CLANG_WARN_CONSTANT_CONVERSION = YES;
				CLANG_WARN_DEPRECATED_OBJC_IMPLEMENTATIONS = YES;
				CLANG_WARN_DIRECT_OBJC_ISA_USAGE = YES_ERROR;
				CLANG_WARN_DOCUMENTATION_COMMENTS = YES;
				CLANG_WARN_EMPTY_BODY = YES;
				CLANG_WARN_ENUM_CONVERSION = YES;
				CLANG_WARN_INFINITE_RECURSION = YES;
				CLANG_WARN_INT_CONVERSION = YES;
				CLANG_WARN_NON_LITERAL_NULL_CONVERSION = YES;
				CLANG_WARN_OBJC_IMPLICIT_RETAIN_SELF = YES;
				CLANG_WARN_OBJC_LITERAL_CONVERSION = YES;
				CLANG_WARN_OBJC_ROOT_CLASS = YES_ERROR;
				CLANG_WARN_RANGE_LOOP_ANALYSIS = YES;
				CLANG_WARN_STRICT_PROTOTYPES = YES;
				CLANG_WARN_SUSPICIOUS_MOVE = YES;
				CLANG_WARN_UNGUARDED_AVAILABILITY = YES_AGGRESSIVE;
				CLANG_WARN_UNREACHABLE_CODE = YES;
				CLANG_WARN__DUPLICATE_METHOD_MATCH = YES;
				CODE_SIGN_IDENTITY = "iPhone Developer";
				COPY_PHASE_STRIP = NO;
				DEBUG_INFORMATION_FORMAT = dwarf;
				ENABLE_STRICT_OBJC_MSGSEND = YES;
				ENABLE_TESTABILITY = YES;
				GCC_C_LANGUAGE_STANDARD = gnu11;
				GCC_DYNAMIC_NO_PIC = NO;
				GCC_NO_COMMON_BLOCKS = YES;
				GCC_OPTIMIZATION_LEVEL = 0;
				GCC_PREPROCESSOR_DEFINITIONS = (
					"DEBUG=1",
					"$(inherited)",
				);
				GCC_WARN_64_TO_32_BIT_CONVERSION = YES;
				GCC_WARN_ABOUT_RETURN_TYPE = YES_ERROR;
				GCC_WARN_UNDECLARED_SELECTOR = YES;
				GCC_WARN_UNINITIALIZED_AUTOS = YES_AGGRESSIVE;
				GCC_WARN_UNUSED_FUNCTION = YES;
				GCC_WARN_UNUSED_VARIABLE = YES;
				IPHONEOS_DEPLOYMENT_TARGET = 12.1;
				MTL_ENABLE_DEBUG_INFO = INCLUDE_SOURCE;
				MTL_FAST_MATH = YES;
				ONLY_ACTIVE_ARCH = YES;
				SDKROOT = iphoneos;
				SWIFT_ACTIVE_COMPILATION_CONDITIONS = DEBUG;
				SWIFT_OPTIMIZATION_LEVEL = "-Onone";
			};
			name = Debug;
		};
		70FAAC8E22747EC900A3C6E0 /* Release */ = {
			isa = XCBuildConfiguration;
			buildSettings = {
				ALWAYS_SEARCH_USER_PATHS = NO;
				CLANG_ANALYZER_NONNULL = YES;
				CLANG_ANALYZER_NUMBER_OBJECT_CONVERSION = YES_AGGRESSIVE;
				CLANG_CXX_LANGUAGE_STANDARD = "gnu++14";
				CLANG_CXX_LIBRARY = "libc++";
				CLANG_ENABLE_MODULES = YES;
				CLANG_ENABLE_OBJC_ARC = YES;
				CLANG_ENABLE_OBJC_WEAK = YES;
				CLANG_WARN_BLOCK_CAPTURE_AUTORELEASING = YES;
				CLANG_WARN_BOOL_CONVERSION = YES;
				CLANG_WARN_COMMA = YES;
				CLANG_WARN_CONSTANT_CONVERSION = YES;
				CLANG_WARN_DEPRECATED_OBJC_IMPLEMENTATIONS = YES;
				CLANG_WARN_DIRECT_OBJC_ISA_USAGE = YES_ERROR;
				CLANG_WARN_DOCUMENTATION_COMMENTS = YES;
				CLANG_WARN_EMPTY_BODY = YES;
				CLANG_WARN_ENUM_CONVERSION = YES;
				CLANG_WARN_INFINITE_RECURSION = YES;
				CLANG_WARN_INT_CONVERSION = YES;
				CLANG_WARN_NON_LITERAL_NULL_CONVERSION = YES;
				CLANG_WARN_OBJC_IMPLICIT_RETAIN_SELF = YES;
				CLANG_WARN_OBJC_LITERAL_CONVERSION = YES;
				CLANG_WARN_OBJC_ROOT_CLASS = YES_ERROR;
				CLANG_WARN_RANGE_LOOP_ANALYSIS = YES;
				CLANG_WARN_STRICT_PROTOTYPES = YES;
				CLANG_WARN_SUSPICIOUS_MOVE = YES;
				CLANG_WARN_UNGUARDED_AVAILABILITY = YES_AGGRESSIVE;
				CLANG_WARN_UNREACHABLE_CODE = YES;
				CLANG_WARN__DUPLICATE_METHOD_MATCH = YES;
				CODE_SIGN_IDENTITY = "iPhone Developer";
				COPY_PHASE_STRIP = NO;
				DEBUG_INFORMATION_FORMAT = "dwarf-with-dsym";
				ENABLE_NS_ASSERTIONS = NO;
				ENABLE_STRICT_OBJC_MSGSEND = YES;
				GCC_C_LANGUAGE_STANDARD = gnu11;
				GCC_NO_COMMON_BLOCKS = YES;
				GCC_WARN_64_TO_32_BIT_CONVERSION = YES;
				GCC_WARN_ABOUT_RETURN_TYPE = YES_ERROR;
				GCC_WARN_UNDECLARED_SELECTOR = YES;
				GCC_WARN_UNINITIALIZED_AUTOS = YES_AGGRESSIVE;
				GCC_WARN_UNUSED_FUNCTION = YES;
				GCC_WARN_UNUSED_VARIABLE = YES;
				IPHONEOS_DEPLOYMENT_TARGET = 12.1;
				MTL_ENABLE_DEBUG_INFO = NO;
				MTL_FAST_MATH = YES;
				SDKROOT = iphoneos;
				SWIFT_COMPILATION_MODE = wholemodule;
				SWIFT_OPTIMIZATION_LEVEL = "-O";
				VALIDATE_PRODUCT = YES;
			};
			name = Release;
		};
		70FAAC9022747EC900A3C6E0 /* Debug */ = {
			isa = XCBuildConfiguration;
			baseConfigurationReference = DE93F6262E5B0ACF7060A1A8 /* Pods-ABBYY Test.debug.xcconfig */;
			buildSettings = {
				ASSETCATALOG_COMPILER_APPICON_NAME = AppIcon;
				CODE_SIGN_STYLE = Automatic;
				DEVELOPMENT_TEAM = 2FFB9VV44X;
				INFOPLIST_FILE = "ABBYY Test/Info.plist";
				LD_RUNPATH_SEARCH_PATHS = (
					"$(inherited)",
					"@executable_path/Frameworks",
				);
				PRODUCT_BUNDLE_IDENTIFIER = "com.example..ABBYY-Test";
				PRODUCT_NAME = "$(TARGET_NAME)";
				SWIFT_VERSION = 4.2;
				TARGETED_DEVICE_FAMILY = "1,2";
			};
			name = Debug;
		};
		70FAAC9122747EC900A3C6E0 /* Release */ = {
			isa = XCBuildConfiguration;
			baseConfigurationReference = AE2F7ECC72BC08E3AC162D3A /* Pods-ABBYY Test.release.xcconfig */;
			buildSettings = {
				ASSETCATALOG_COMPILER_APPICON_NAME = AppIcon;
				CODE_SIGN_STYLE = Automatic;
				DEVELOPMENT_TEAM = 2FFB9VV44X;
				INFOPLIST_FILE = "ABBYY Test/Info.plist";
				LD_RUNPATH_SEARCH_PATHS = (
					"$(inherited)",
					"@executable_path/Frameworks",
				);
				PRODUCT_BUNDLE_IDENTIFIER = "com.example..ABBYY-Test";
				PRODUCT_NAME = "$(TARGET_NAME)";
				SWIFT_VERSION = 4.2;
				TARGETED_DEVICE_FAMILY = "1,2";
			};
			name = Release;
		};
/* End XCBuildConfiguration section */

/* Begin XCConfigurationList section */
		70FAAC7522747EC700A3C6E0 /* Build configuration list for PBXProject "ABBYY Test" */ = {
			isa = XCConfigurationList;
			buildConfigurations = (
				70FAAC8D22747EC900A3C6E0 /* Debug */,
				70FAAC8E22747EC900A3C6E0 /* Release */,
			);
			defaultConfigurationIsVisible = 0;
			defaultConfigurationName = Release;
		};
		70FAAC8F22747EC900A3C6E0 /* Build configuration list for PBXNativeTarget "ABBYY Test" */ = {
			isa = XCConfigurationList;
			buildConfigurations = (
				70FAAC9022747EC900A3C6E0 /* Debug */,
				70FAAC9122747EC900A3C6E0 /* Release */,
			);
			defaultConfigurationIsVisible = 0;
			defaultConfigurationName = Release;
		};
/* End XCConfigurationList section */

/* Begin XCVersionGroup section */
		70FAAC8422747EC800A3C6E0 /* ABBYY_Test.xcdatamodeld */ = {
			isa = XCVersionGroup;
			children = (
				70FAAC8522747EC800A3C6E0 /* ABBYY_Test.xcdatamodel */,
			);
			currentVersion = 70FAAC8522747EC800A3C6E0 /* ABBYY_Test.xcdatamodel */;
			path = ABBYY_Test.xcdatamodeld;
			sourceTree = "<group>";
			versionGroupType = wrapper.xcdatamodel;
		};
/* End XCVersionGroup section */
	};
	rootObject = 70FAAC7222747EC700A3C6E0 /* Project object */;
}
